
Microsoft Visual Studio Solution File, Format Version 12.00
# Visual Studio Version 17
VisualStudioVersion = 17.0.31903.59
MinimumVisualStudioVersion = 10.0.40219.1
Project("{FAE04EC0-301F-11D3-BF4B-00C04F79EFBC}") = "QrCafe.Api", "QrCafe.Api\QrCafe.Api.csproj", "{77E3D968-37A6-4D3D-8219-D702EFE581B7}"
EndProject
Project("{FAE04EC0-301F-11D3-BF4B-00C04F79EFBC}") = "QrCafe.Domain", "QrCafe.Domain\QrCafe.Domain.csproj", "{F7B5AEE0-E566-4B7A-92F8-C5E7106BFD9B}"
EndProject
Project("{FAE04EC0-301F-11D3-BF4B-00C04F79EFBC}") = "QrCafe.Infrastructure", "QrCafe.Infrastructure\QrCafe.Infrastructure.csproj", "{1F589B4E-4B6E-4B45-A07E-13BF7684D5E2}"
EndProject
Project("{FAE04EC0-301F-11D3-BF4B-00C04F79EFBC}") = "QrCafe.Application", "QrCafe.Application\QrCafe.Application.csproj", "{33778C46-BE49-49ED-8A51-3067615B4200}"
EndProject
Global
	GlobalSection(SolutionConfigurationPlatforms) = preSolution
		Debug|Any CPU = Debug|Any CPU
		Release|Any CPU = Release|Any CPU
	EndGlobalSection
	GlobalSection(SolutionProperties) = preSolution
		HideSolutionNode = FALSE
	EndGlobalSection
	GlobalSection(ProjectConfigurationPlatforms) = postSolution
		{77E3D968-37A6-4D3D-8219-D702EFE581B7}.Debug|Any CPU.ActiveCfg = Debug|Any CPU
		{77E3D968-37A6-4D3D-8219-D702EFE581B7}.Debug|Any CPU.Build.0 = Debug|Any CPU
		{77E3D968-37A6-4D3D-8219-D702EFE581B7}.Release|Any CPU.ActiveCfg = Release|Any CPU
		{77E3D968-37A6-4D3D-8219-D702EFE581B7}.Release|Any CPU.Build.0 = Release|Any CPU
		{F7B5AEE0-E566-4B7A-92F8-C5E7106BFD9B}.Debug|Any CPU.ActiveCfg = Debug|Any CPU
		{F7B5AEE0-E566-4B7A-92F8-C5E7106BFD9B}.Debug|Any CPU.Build.0 = Debug|Any CPU
		{F7B5AEE0-E566-4B7A-92F8-C5E7106BFD9B}.Release|Any CPU.ActiveCfg = Release|Any CPU
		{F7B5AEE0-E566-4B7A-92F8-C5E7106BFD9B}.Release|Any CPU.Build.0 = Release|Any CPU
		{1F589B4E-4B6E-4B45-A07E-13BF7684D5E2}.Debug|Any CPU.ActiveCfg = Debug|Any CPU
		{1F589B4E-4B6E-4B45-A07E-13BF7684D5E2}.Debug|Any CPU.Build.0 = Debug|Any CPU
		{1F589B4E-4B6E-4B45-A07E-13BF7684D5E2}.Release|Any CPU.ActiveCfg = Release|Any CPU
		{1F589B4E-4B6E-4B45-A07E-13BF7684D5E2}.Release|Any CPU.Build.0 = Release|Any CPU
		{33778C46-BE49-49ED-8A51-3067615B4200}.Debug|Any CPU.ActiveCfg = Debug|Any CPU
		{33778C46-BE49-49ED-8A51-3067615B4200}.Debug|Any CPU.Build.0 = Debug|Any CPU
		{33778C46-BE49-49ED-8A51-3067615B4200}.Release|Any CPU.ActiveCfg = Release|Any CPU
		{33778C46-BE49-49ED-8A51-3067615B4200}.Release|Any CPU.Build.0 = Release|Any CPU
	EndGlobalSection
EndGlobal
